
Microsoft Visual Studio Solution File, Format Version 12.00
# Visual Studio Version 16
VisualStudioVersion = 16.0.30413.136
MinimumVisualStudioVersion = 10.0.40219.1
Project("{9A19103F-16F7-4668-BE54-9A1E7A4F7556}") = "API", "PIM\API.csproj", "{CF269405-F8E9-4FDB-8272-AFFB527A0D85}"
EndProject
Project("{9A19103F-16F7-4668-BE54-9A1E7A4F7556}") = "MVC", "MVC\MVC.csproj", "{C1A6D32D-C051-4754-8A90-8BB2C29FC33A}"
EndProject
Global
	GlobalSection(SolutionConfigurationPlatforms) = preSolution
		Debug|Any CPU = Debug|Any CPU
		Release|Any CPU = Release|Any CPU
	EndGlobalSection
	GlobalSection(ProjectConfigurationPlatforms) = postSolution
		{CF269405-F8E9-4FDB-8272-AFFB527A0D85}.Debug|Any CPU.ActiveCfg = Debug|Any CPU
		{CF269405-F8E9-4FDB-8272-AFFB527A0D85}.Debug|Any CPU.Build.0 = Debug|Any CPU
		{CF269405-F8E9-4FDB-8272-AFFB527A0D85}.Release|Any CPU.ActiveCfg = Release|Any CPU
		{CF269405-F8E9-4FDB-8272-AFFB527A0D85}.Release|Any CPU.Build.0 = Release|Any CPU
		{C1A6D32D-C051-4754-8A90-8BB2C29FC33A}.Debug|Any CPU.ActiveCfg = Debug|Any CPU
		{C1A6D32D-C051-4754-8A90-8BB2C29FC33A}.Debug|Any CPU.Build.0 = Debug|Any CPU
		{C1A6D32D-C051-4754-8A90-8BB2C29FC33A}.Release|Any CPU.ActiveCfg = Release|Any CPU
		{C1A6D32D-C051-4754-8A90-8BB2C29FC33A}.Release|Any CPU.Build.0 = Release|Any CPU
	EndGlobalSection
	GlobalSection(SolutionProperties) = preSolution
		HideSolutionNode = FALSE
	EndGlobalSection
	GlobalSection(ExtensibilityGlobals) = postSolution
		SolutionGuid = {A95BDCAB-B413-41BD-B92B-92D7FAC84F98}
	EndGlobalSection
EndGlobal
