
Microsoft Visual Studio Solution File, Format Version 12.00
# Visual Studio Version 16
VisualStudioVersion = 16.0.30413.136
MinimumVisualStudioVersion = 10.0.40219.1
Project("{9A19103F-16F7-4668-BE54-9A1E7A4F7556}") = "API", "API.csproj", "{10CF30D4-FC6C-4862-AF59-45865062D804}"
EndProject
Global
	GlobalSection(SolutionConfigurationPlatforms) = preSolution
		Debug|Any CPU = Debug|Any CPU
		Release|Any CPU = Release|Any CPU
	EndGlobalSection
	GlobalSection(ProjectConfigurationPlatforms) = postSolution
		{10CF30D4-FC6C-4862-AF59-45865062D804}.Debug|Any CPU.ActiveCfg = Debug|Any CPU
		{10CF30D4-FC6C-4862-AF59-45865062D804}.Debug|Any CPU.Build.0 = Debug|Any CPU
		{10CF30D4-FC6C-4862-AF59-45865062D804}.Release|Any CPU.ActiveCfg = Release|Any CPU
		{10CF30D4-FC6C-4862-AF59-45865062D804}.Release|Any CPU.Build.0 = Release|Any CPU
	EndGlobalSection
	GlobalSection(SolutionProperties) = preSolution
		HideSolutionNode = FALSE
	EndGlobalSection
	GlobalSection(ExtensibilityGlobals) = postSolution
		SolutionGuid = {D3C34E91-663F-4B1A-A0A7-80A226D20882}
	EndGlobalSection
EndGlobal
